
Microsoft Visual Studio Solution File, Format Version 12.00
# Visual Studio Version 17
VisualStudioVersion = 17.2.32630.192
MinimumVisualStudioVersion = 10.0.40219.1
Project("{9A19103F-16F7-4668-BE54-9A1E7A4F7556}") = "Opgave 1 - OpenTK", "Opgave 1 - OpenTK.csproj", "{EE15FD86-3AEB-4305-A3CE-9A643F882F9B}"
EndProject
Project("{2150E333-8FDC-42A3-9474-1A3956D46DE8}") = "Solution Items", "Solution Items", "{C9735BFA-D32B-4B10-887A-9E1B5FACF862}"
	ProjectSection(SolutionItems) = preProject
		.editorconfig = .editorconfig
	EndProjectSection
EndProject
Project("{9A19103F-16F7-4668-BE54-9A1E7A4F7556}") = "FPS_Project", "..\FPS_Proejct\FPS_Project.csproj", "{51C3EAB3-8177-45AC-8C5A-4EF0C99BFBD0}"
EndProject
Project("{FAE04EC0-301F-11D3-BF4B-00C04F79EFBC}") = "Project_FPS", "..\Project_FPS\Project_FPS.csproj", "{D820CD73-A180-40D0-B63C-A41F5B77A66F}"
EndProject
Global
	GlobalSection(SolutionConfigurationPlatforms) = preSolution
		Debug|Any CPU = Debug|Any CPU
		Release|Any CPU = Release|Any CPU
	EndGlobalSection
	GlobalSection(ProjectConfigurationPlatforms) = postSolution
		{EE15FD86-3AEB-4305-A3CE-9A643F882F9B}.Debug|Any CPU.ActiveCfg = Debug|Any CPU
		{EE15FD86-3AEB-4305-A3CE-9A643F882F9B}.Debug|Any CPU.Build.0 = Debug|Any CPU
		{EE15FD86-3AEB-4305-A3CE-9A643F882F9B}.Release|Any CPU.ActiveCfg = Release|Any CPU
		{EE15FD86-3AEB-4305-A3CE-9A643F882F9B}.Release|Any CPU.Build.0 = Release|Any CPU
		{51C3EAB3-8177-45AC-8C5A-4EF0C99BFBD0}.Debug|Any CPU.ActiveCfg = Debug|Any CPU
		{51C3EAB3-8177-45AC-8C5A-4EF0C99BFBD0}.Debug|Any CPU.Build.0 = Debug|Any CPU
		{51C3EAB3-8177-45AC-8C5A-4EF0C99BFBD0}.Release|Any CPU.ActiveCfg = Release|Any CPU
		{51C3EAB3-8177-45AC-8C5A-4EF0C99BFBD0}.Release|Any CPU.Build.0 = Release|Any CPU
		{D820CD73-A180-40D0-B63C-A41F5B77A66F}.Debug|Any CPU.ActiveCfg = Debug|Any CPU
		{D820CD73-A180-40D0-B63C-A41F5B77A66F}.Debug|Any CPU.Build.0 = Debug|Any CPU
		{D820CD73-A180-40D0-B63C-A41F5B77A66F}.Release|Any CPU.ActiveCfg = Release|Any CPU
		{D820CD73-A180-40D0-B63C-A41F5B77A66F}.Release|Any CPU.Build.0 = Release|Any CPU
	EndGlobalSection
	GlobalSection(SolutionProperties) = preSolution
		HideSolutionNode = FALSE
	EndGlobalSection
	GlobalSection(ExtensibilityGlobals) = postSolution
		SolutionGuid = {810DCB0B-1D8F-4071-B3CB-B663167F57BD}
	EndGlobalSection
EndGlobal
