
Microsoft Visual Studio Solution File, Format Version 12.00
# Visual Studio Version 17
VisualStudioVersion = 17.2.32630.192
MinimumVisualStudioVersion = 10.0.40219.1
Project("{FAE04EC0-301F-11D3-BF4B-00C04F79EFBC}") = "Opgave 1 - OpenTK", "Opgave 1 - OpenTK.csproj", "{EE15FD86-3AEB-4305-A3CE-9A643F882F9B}"
EndProject
Global
	GlobalSection(SolutionConfigurationPlatforms) = preSolution
		Debug|Any CPU = Debug|Any CPU
		Release|Any CPU = Release|Any CPU
	EndGlobalSection
	GlobalSection(ProjectConfigurationPlatforms) = postSolution
		{EE15FD86-3AEB-4305-A3CE-9A643F882F9B}.Debug|Any CPU.ActiveCfg = Debug|Any CPU
		{EE15FD86-3AEB-4305-A3CE-9A643F882F9B}.Debug|Any CPU.Build.0 = Debug|Any CPU
		{EE15FD86-3AEB-4305-A3CE-9A643F882F9B}.Release|Any CPU.ActiveCfg = Release|Any CPU
		{EE15FD86-3AEB-4305-A3CE-9A643F882F9B}.Release|Any CPU.Build.0 = Release|Any CPU
	EndGlobalSection
	GlobalSection(SolutionProperties) = preSolution
		HideSolutionNode = FALSE
	EndGlobalSection
	GlobalSection(ExtensibilityGlobals) = postSolution
		SolutionGuid = {810DCB0B-1D8F-4071-B3CB-B663167F57BD}
	EndGlobalSection
EndGlobal
